# This file is automatically @generated by Cargo.
# It is not intended for manual editing.
version = 4

[[package]]
name = "lesbian-parser"
version = "0.1.0"
source = "git+https://github.com/dbbr1442/lesbian-parser.git#c344565a5d90dd88412a31e612b4e1d5bf7a7133"

[[package]]
name = "tree-rs"
version = "0.1.0"
dependencies = [
 "lesbian-parser",
]
