# This file is automatically @generated by Cargo.
# It is not intended for manual editing.
version = 4

[[package]]
name = "lesbian-parser"
version = "0.1.0"
source = "git+https://github.com/dbbr1442/lesbian-parser.git#e4bb4a97a608a8879665fc95ae2b3f14c36b4ebb"

[[package]]
name = "tree-rs"
version = "0.1.0"
dependencies = [
 "lesbian-parser",
]
